
Microsoft Visual Studio Solution File, Format Version 12.00
# Visual Studio Version 17
VisualStudioVersion = 17.4.33213.308
MinimumVisualStudioVersion = 10.0.40219.1
Project("{FAE04EC0-301F-11D3-BF4B-00C04F79EFBC}") = "YFO_testGit", "YFO_testGit\YFO_testGit.csproj", "{8926AC69-6B18-4BD2-A382-C35952011FFB}"
EndProject
Global
	GlobalSection(SolutionConfigurationPlatforms) = preSolution
		Debug|Any CPU = Debug|Any CPU
		Release|Any CPU = Release|Any CPU
	EndGlobalSection
	GlobalSection(ProjectConfigurationPlatforms) = postSolution
		{8926AC69-6B18-4BD2-A382-C35952011FFB}.Debug|Any CPU.ActiveCfg = Debug|Any CPU
		{8926AC69-6B18-4BD2-A382-C35952011FFB}.Debug|Any CPU.Build.0 = Debug|Any CPU
		{8926AC69-6B18-4BD2-A382-C35952011FFB}.Release|Any CPU.ActiveCfg = Release|Any CPU
		{8926AC69-6B18-4BD2-A382-C35952011FFB}.Release|Any CPU.Build.0 = Release|Any CPU
	EndGlobalSection
	GlobalSection(SolutionProperties) = preSolution
		HideSolutionNode = FALSE
	EndGlobalSection
	GlobalSection(ExtensibilityGlobals) = postSolution
		SolutionGuid = {1A5FD8CA-C2E2-4DA6-B6EA-26AAE235C747}
	EndGlobalSection
EndGlobal
